// !$*UTF8*$!
{
	archiveVersion = 1;
	classes = {
	};
	objectVersion = 55;
	objects = {

/* Begin PBXBuildFile section */
		04875F6628CA57240066E254 /* AppDelegate.swift in Sources */ = {isa = PBXBuildFile; fileRef = 04875F6528CA57240066E254 /* AppDelegate.swift */; };
		04875F6A28CA57240066E254 /* ShazamController.swift in Sources */ = {isa = PBXBuildFile; fileRef = 04875F6928CA57240066E254 /* ShazamController.swift */; };
		04875F6D28CA57240066E254 /* Main.storyboard in Resources */ = {isa = PBXBuildFile; fileRef = 04875F6B28CA57240066E254 /* Main.storyboard */; };
		04875F6F28CA57260066E254 /* Assets.xcassets in Resources */ = {isa = PBXBuildFile; fileRef = 04875F6E28CA57260066E254 /* Assets.xcassets */; };
		04875F7228CA57260066E254 /* LaunchScreen.storyboard in Resources */ = {isa = PBXBuildFile; fileRef = 04875F7028CA57260066E254 /* LaunchScreen.storyboard */; };
		04875F8228CA67260066E254 /* ShazamView.swift in Sources */ = {isa = PBXBuildFile; fileRef = 04875F8128CA67260066E254 /* ShazamView.swift */; };
/* End PBXBuildFile section */

/* Begin PBXFileReference section */
		04875F6228CA57240066E254 /* ShazamAppPrototype.app */ = {isa = PBXFileReference; explicitFileType = wrapper.application; includeInIndex = 0; path = ShazamAppPrototype.app; sourceTree = BUILT_PRODUCTS_DIR; };
		04875F6528CA57240066E254 /* AppDelegate.swift */ = {isa = PBXFileReference; lastKnownFileType = sourcecode.swift; path = AppDelegate.swift; sourceTree = "<group>"; };
		04875F6928CA57240066E254 /* ShazamController.swift */ = {isa = PBXFileReference; lastKnownFileType = sourcecode.swift; path = ShazamController.swift; sourceTree = "<group>"; };
		04875F6C28CA57240066E254 /* Base */ = {isa = PBXFileReference; lastKnownFileType = file.storyboard; name = Base; path = Base.lproj/Main.storyboard; sourceTree = "<group>"; };
		04875F6E28CA57260066E254 /* Assets.xcassets */ = {isa = PBXFileReference; lastKnownFileType = folder.assetcatalog; path = Assets.xcassets; sourceTree = "<group>"; };
		04875F7128CA57260066E254 /* Base */ = {isa = PBXFileReference; lastKnownFileType = file.storyboard; name = Base; path = Base.lproj/LaunchScreen.storyboard; sourceTree = "<group>"; };
		04875F7328CA57260066E254 /* Info.plist */ = {isa = PBXFileReference; lastKnownFileType = text.plist.xml; path = Info.plist; sourceTree = "<group>"; };
		04875F8128CA67260066E254 /* ShazamView.swift */ = {isa = PBXFileReference; lastKnownFileType = sourcecode.swift; path = ShazamView.swift; sourceTree = "<group>"; };
/* End PBXFileReference section */

/* Begin PBXFrameworksBuildPhase section */
		04875F5F28CA57240066E254 /* Frameworks */ = {
			isa = PBXFrameworksBuildPhase;
			buildActionMask = 2147483647;
			files = (
			);
			runOnlyForDeploymentPostprocessing = 0;
		};
/* End PBXFrameworksBuildPhase section */

/* Begin PBXGroup section */
		04875F5928CA57240066E254 = {
			isa = PBXGroup;
			children = (
				04875F6428CA57240066E254 /* ShazamAppPrototype */,
				04875F6328CA57240066E254 /* Products */,
			);
			sourceTree = "<group>";
		};
		04875F6328CA57240066E254 /* Products */ = {
			isa = PBXGroup;
			children = (
				04875F6228CA57240066E254 /* ShazamAppPrototype.app */,
			);
			name = Products;
			sourceTree = "<group>";
		};
		04875F6428CA57240066E254 /* ShazamAppPrototype */ = {
			isa = PBXGroup;
			children = (
				04875F7B28CA5A1E0066E254 /* Sources */,
				04875F7E28CA5A3E0066E254 /* Resources */,
			);
			path = ShazamAppPrototype;
			sourceTree = "<group>";
		};
		04875F7B28CA5A1E0066E254 /* Sources */ = {
			isa = PBXGroup;
			children = (
				04875F7C28CA5A240066E254 /* App */,
				04875F7D28CA5A300066E254 /* ShazamModule */,
			);
			path = Sources;
			sourceTree = "<group>";
		};
		04875F7C28CA5A240066E254 /* App */ = {
			isa = PBXGroup;
			children = (
				04875F6528CA57240066E254 /* AppDelegate.swift */,
			);
			path = App;
			sourceTree = "<group>";
		};
		04875F7D28CA5A300066E254 /* ShazamModule */ = {
			isa = PBXGroup;
			children = (
				04875F7F28CA67050066E254 /* Controller */,
				04875F8028CA670B0066E254 /* View */,
			);
			path = ShazamModule;
			sourceTree = "<group>";
		};
		04875F7E28CA5A3E0066E254 /* Resources */ = {
			isa = PBXGroup;
			children = (
				04875F6B28CA57240066E254 /* Main.storyboard */,
				04875F6E28CA57260066E254 /* Assets.xcassets */,
				04875F7028CA57260066E254 /* LaunchScreen.storyboard */,
				04875F7328CA57260066E254 /* Info.plist */,
			);
			path = Resources;
			sourceTree = "<group>";
		};
		04875F7F28CA67050066E254 /* Controller */ = {
			isa = PBXGroup;
			children = (
				04875F6928CA57240066E254 /* ShazamController.swift */,
			);
			path = Controller;
			sourceTree = "<group>";
		};
		04875F8028CA670B0066E254 /* View */ = {
			isa = PBXGroup;
			children = (
				04875F8128CA67260066E254 /* ShazamView.swift */,
			);
			path = View;
			sourceTree = "<group>";
		};
/* End PBXGroup section */

/* Begin PBXNativeTarget section */
		04875F6128CA57240066E254 /* ShazamAppPrototype */ = {
			isa = PBXNativeTarget;
			buildConfigurationList = 04875F7628CA57260066E254 /* Build configuration list for PBXNativeTarget "ShazamAppPrototype" */;
			buildPhases = (
				04875F5E28CA57240066E254 /* Sources */,
				04875F5F28CA57240066E254 /* Frameworks */,
				04875F6028CA57240066E254 /* Resources */,
			);
			buildRules = (
			);
			dependencies = (
			);
			name = ShazamAppPrototype;
			productName = ShazamAppPrototype;
			productReference = 04875F6228CA57240066E254 /* ShazamAppPrototype.app */;
			productType = "com.apple.product-type.application";
		};
/* End PBXNativeTarget section */

/* Begin PBXProject section */
		04875F5A28CA57240066E254 /* Project object */ = {
			isa = PBXProject;
			attributes = {
				BuildIndependentTargetsInParallel = 1;
				LastSwiftUpdateCheck = 1340;
				LastUpgradeCheck = 1340;
				TargetAttributes = {
					04875F6128CA57240066E254 = {
						CreatedOnToolsVersion = 13.4.1;
					};
				};
			};
			buildConfigurationList = 04875F5D28CA57240066E254 /* Build configuration list for PBXProject "ShazamAppPrototype" */;
			compatibilityVersion = "Xcode 13.0";
			developmentRegion = en;
			hasScannedForEncodings = 0;
			knownRegions = (
				en,
				Base,
			);
			mainGroup = 04875F5928CA57240066E254;
			productRefGroup = 04875F6328CA57240066E254 /* Products */;
			projectDirPath = "";
			projectRoot = "";
			targets = (
				04875F6128CA57240066E254 /* ShazamAppPrototype */,
			);
		};
/* End PBXProject section */

/* Begin PBXResourcesBuildPhase section */
		04875F6028CA57240066E254 /* Resources */ = {
			isa = PBXResourcesBuildPhase;
			buildActionMask = 2147483647;
			files = (
				04875F7228CA57260066E254 /* LaunchScreen.storyboard in Resources */,
				04875F6F28CA57260066E254 /* Assets.xcassets in Resources */,
				04875F6D28CA57240066E254 /* Main.storyboard in Resources */,
			);
			runOnlyForDeploymentPostprocessing = 0;
		};
/* End PBXResourcesBuildPhase section */

/* Begin PBXSourcesBuildPhase section */
		04875F5E28CA57240066E254 /* Sources */ = {
			isa = PBXSourcesBuildPhase;
			buildActionMask = 2147483647;
			files = (
				04875F6A28CA57240066E254 /* ShazamController.swift in Sources */,
				04875F8228CA67260066E254 /* ShazamView.swift in Sources */,
				04875F6628CA57240066E254 /* AppDelegate.swift in Sources */,
			);
			runOnlyForDeploymentPostprocessing = 0;
		};
/* End PBXSourcesBuildPhase section */

/* Begin PBXVariantGroup section */
		04875F6B28CA57240066E254 /* Main.storyboard */ = {
			isa = PBXVariantGroup;
			children = (
				04875F6C28CA57240066E254 /* Base */,
			);
			name = Main.storyboard;
			sourceTree = "<group>";
		};
		04875F7028CA57260066E254 /* LaunchScreen.storyboard */ = {
			isa = PBXVariantGroup;
			children = (
				04875F7128CA57260066E254 /* Base */,
			);
			name = LaunchScreen.storyboard;
			sourceTree = "<group>";
		};
/* End PBXVariantGroup section */

/* Begin XCBuildConfiguration section */
		04875F7428CA57260066E254 /* Debug */ = {
			isa = XCBuildConfiguration;
			buildSettings = {
				ALWAYS_SEARCH_USER_PATHS = NO;
				CLANG_ANALYZER_NONNULL = YES;
				CLANG_ANALYZER_NUMBER_OBJECT_CONVERSION = YES_AGGRESSIVE;
				CLANG_CXX_LANGUAGE_STANDARD = "gnu++17";
				CLANG_ENABLE_MODULES = YES;
				CLANG_ENABLE_OBJC_ARC = YES;
				CLANG_ENABLE_OBJC_WEAK = YES;
				CLANG_WARN_BLOCK_CAPTURE_AUTORELEASING = YES;
				CLANG_WARN_BOOL_CONVERSION = YES;
				CLANG_WARN_COMMA = YES;
				CLANG_WARN_CONSTANT_CONVERSION = YES;
				CLANG_WARN_DEPRECATED_OBJC_IMPLEMENTATIONS = YES;
				CLANG_WARN_DIRECT_OBJC_ISA_USAGE = YES_ERROR;
				CLANG_WARN_DOCUMENTATION_COMMENTS = YES;
				CLANG_WARN_EMPTY_BODY = YES;
				CLANG_WARN_ENUM_CONVERSION = YES;
				CLANG_WARN_INFINITE_RECURSION = YES;
				CLANG_WARN_INT_CONVERSION = YES;
				CLANG_WARN_NON_LITERAL_NULL_CONVERSION = YES;
				CLANG_WARN_OBJC_IMPLICIT_RETAIN_SELF = YES;
				CLANG_WARN_OBJC_LITERAL_CONVERSION = YES;
				CLANG_WARN_OBJC_ROOT_CLASS = YES_ERROR;
				CLANG_WARN_QUOTED_INCLUDE_IN_FRAMEWORK_HEADER = YES;
				CLANG_WARN_RANGE_LOOP_ANALYSIS = YES;
				CLANG_WARN_STRICT_PROTOTYPES = YES;
				CLANG_WARN_SUSPICIOUS_MOVE = YES;
				CLANG_WARN_UNGUARDED_AVAILABILITY = YES_AGGRESSIVE;
				CLANG_WARN_UNREACHABLE_CODE = YES;
				CLANG_WARN__DUPLICATE_METHOD_MATCH = YES;
				COPY_PHASE_STRIP = NO;
				DEBUG_INFORMATION_FORMAT = dwarf;
				ENABLE_STRICT_OBJC_MSGSEND = YES;
				ENABLE_TESTABILITY = YES;
				GCC_C_LANGUAGE_STANDARD = gnu11;
				GCC_DYNAMIC_NO_PIC = NO;
				GCC_NO_COMMON_BLOCKS = YES;
				GCC_OPTIMIZATION_LEVEL = 0;
				GCC_PREPROCESSOR_DEFINITIONS = (
					"DEBUG=1",
					"$(inherited)",
				);
				GCC_WARN_64_TO_32_BIT_CONVERSION = YES;
				GCC_WARN_ABOUT_RETURN_TYPE = YES_ERROR;
				GCC_WARN_UNDECLARED_SELECTOR = YES;
				GCC_WARN_UNINITIALIZED_AUTOS = YES_AGGRESSIVE;
				GCC_WARN_UNUSED_FUNCTION = YES;
				GCC_WARN_UNUSED_VARIABLE = YES;
				IPHONEOS_DEPLOYMENT_TARGET = 15.5;
				MTL_ENABLE_DEBUG_INFO = INCLUDE_SOURCE;
				MTL_FAST_MATH = YES;
				ONLY_ACTIVE_ARCH = YES;
				SDKROOT = iphoneos;
				SWIFT_ACTIVE_COMPILATION_CONDITIONS = DEBUG;
				SWIFT_OPTIMIZATION_LEVEL = "-Onone";
			};
			name = Debug;
		};
		04875F7528CA57260066E254 /* Release */ = {
			isa = XCBuildConfiguration;
			buildSettings = {
				ALWAYS_SEARCH_USER_PATHS = NO;
				CLANG_ANALYZER_NONNULL = YES;
				CLANG_ANALYZER_NUMBER_OBJECT_CONVERSION = YES_AGGRESSIVE;
				CLANG_CXX_LANGUAGE_STANDARD = "gnu++17";
				CLANG_ENABLE_MODULES = YES;
				CLANG_ENABLE_OBJC_ARC = YES;
				CLANG_ENABLE_OBJC_WEAK = YES;
				CLANG_WARN_BLOCK_CAPTURE_AUTORELEASING = YES;
				CLANG_WARN_BOOL_CONVERSION = YES;
				CLANG_WARN_COMMA = YES;
				CLANG_WARN_CONSTANT_CONVERSION = YES;
				CLANG_WARN_DEPRECATED_OBJC_IMPLEMENTATIONS = YES;
				CLANG_WARN_DIRECT_OBJC_ISA_USAGE = YES_ERROR;
				CLANG_WARN_DOCUMENTATION_COMMENTS = YES;
				CLANG_WARN_EMPTY_BODY = YES;
				CLANG_WARN_ENUM_CONVERSION = YES;
				CLANG_WARN_INFINITE_RECURSION = YES;
				CLANG_WARN_INT_CONVERSION = YES;
				CLANG_WARN_NON_LITERAL_NULL_CONVERSION = YES;
				CLANG_WARN_OBJC_IMPLICIT_RETAIN_SELF = YES;
				CLANG_WARN_OBJC_LITERAL_CONVERSION = YES;
				CLANG_WARN_OBJC_ROOT_CLASS = YES_ERROR;
				CLANG_WARN_QUOTED_INCLUDE_IN_FRAMEWORK_HEADER = YES;
				CLANG_WARN_RANGE_LOOP_ANALYSIS = YES;
				CLANG_WARN_STRICT_PROTOTYPES = YES;
				CLANG_WARN_SUSPICIOUS_MOVE = YES;
				CLANG_WARN_UNGUARDED_AVAILABILITY = YES_AGGRESSIVE;
				CLANG_WARN_UNREACHABLE_CODE = YES;
				CLANG_WARN__DUPLICATE_METHOD_MATCH = YES;
				COPY_PHASE_STRIP = NO;
				DEBUG_INFORMATION_FORMAT = "dwarf-with-dsym";
				ENABLE_NS_ASSERTIONS = NO;
				ENABLE_STRICT_OBJC_MSGSEND = YES;
				GCC_C_LANGUAGE_STANDARD = gnu11;
				GCC_NO_COMMON_BLOCKS = YES;
				GCC_WARN_64_TO_32_BIT_CONVERSION = YES;
				GCC_WARN_ABOUT_RETURN_TYPE = YES_ERROR;
				GCC_WARN_UNDECLARED_SELECTOR = YES;
				GCC_WARN_UNINITIALIZED_AUTOS = YES_AGGRESSIVE;
				GCC_WARN_UNUSED_FUNCTION = YES;
				GCC_WARN_UNUSED_VARIABLE = YES;
				IPHONEOS_DEPLOYMENT_TARGET = 15.5;
				MTL_ENABLE_DEBUG_INFO = NO;
				MTL_FAST_MATH = YES;
				SDKROOT = iphoneos;
				SWIFT_COMPILATION_MODE = wholemodule;
				SWIFT_OPTIMIZATION_LEVEL = "-O";
				VALIDATE_PRODUCT = YES;
			};
			name = Release;
		};
		04875F7728CA57260066E254 /* Debug */ = {
			isa = XCBuildConfiguration;
			buildSettings = {
				ASSETCATALOG_COMPILER_APPICON_NAME = AppIcon;
				ASSETCATALOG_COMPILER_GLOBAL_ACCENT_COLOR_NAME = AccentColor;
				CODE_SIGN_STYLE = Automatic;
				CURRENT_PROJECT_VERSION = 1;
				DEVELOPMENT_TEAM = 34TG2Y4HBL;
				GENERATE_INFOPLIST_FILE = YES;
				INFOPLIST_FILE = ShazamAppPrototype/Resources/Info.plist;
				INFOPLIST_KEY_UIApplicationSupportsIndirectInputEvents = YES;
				INFOPLIST_KEY_UILaunchStoryboardName = LaunchScreen;
				INFOPLIST_KEY_UIMainStoryboardFile = Main;
				INFOPLIST_KEY_UISupportedInterfaceOrientations_iPad = "UIInterfaceOrientationPortrait UIInterfaceOrientationPortraitUpsideDown UIInterfaceOrientationLandscapeLeft UIInterfaceOrientationLandscapeRight";
				INFOPLIST_KEY_UISupportedInterfaceOrientations_iPhone = "UIInterfaceOrientationPortrait UIInterfaceOrientationLandscapeLeft UIInterfaceOrientationLandscapeRight";
				LD_RUNPATH_SEARCH_PATHS = (
					"$(inherited)",
					"@executable_path/Frameworks",
				);
				MARKETING_VERSION = 1.0;
				PRODUCT_BUNDLE_IDENTIFIER = com.my.ShazamAppPrototype;
				PRODUCT_NAME = "$(TARGET_NAME)";
				SWIFT_EMIT_LOC_STRINGS = YES;
				SWIFT_VERSION = 5.0;
				TARGETED_DEVICE_FAMILY = "1,2";
			};
			name = Debug;
		};
		04875F7828CA57260066E254 /* Release */ = {
			isa = XCBuildConfiguration;
			buildSettings = {
				ASSETCATALOG_COMPILER_APPICON_NAME = AppIcon;
				ASSETCATALOG_COMPILER_GLOBAL_ACCENT_COLOR_NAME = AccentColor;
				CODE_SIGN_STYLE = Automatic;
				CURRENT_PROJECT_VERSION = 1;
				DEVELOPMENT_TEAM = 34TG2Y4HBL;
				GENERATE_INFOPLIST_FILE = YES;
				INFOPLIST_FILE = ShazamAppPrototype/Resources/Info.plist;
				INFOPLIST_KEY_UIApplicationSupportsIndirectInputEvents = YES;
				INFOPLIST_KEY_UILaunchStoryboardName = LaunchScreen;
				INFOPLIST_KEY_UIMainStoryboardFile = Main;
				INFOPLIST_KEY_UISupportedInterfaceOrientations_iPad = "UIInterfaceOrientationPortrait UIInterfaceOrientationPortraitUpsideDown UIInterfaceOrientationLandscapeLeft UIInterfaceOrientationLandscapeRight";
				INFOPLIST_KEY_UISupportedInterfaceOrientations_iPhone = "UIInterfaceOrientationPortrait UIInterfaceOrientationLandscapeLeft UIInterfaceOrientationLandscapeRight";
				LD_RUNPATH_SEARCH_PATHS = (
					"$(inherited)",
					"@executable_path/Frameworks",
				);
				MARKETING_VERSION = 1.0;
				PRODUCT_BUNDLE_IDENTIFIER = com.my.ShazamAppPrototype;
				PRODUCT_NAME = "$(TARGET_NAME)";
				SWIFT_EMIT_LOC_STRINGS = YES;
				SWIFT_VERSION = 5.0;
				TARGETED_DEVICE_FAMILY = "1,2";
			};
			name = Release;
		};
/* End XCBuildConfiguration section */

/* Begin XCConfigurationList section */
		04875F5D28CA57240066E254 /* Build configuration list for PBXProject "ShazamAppPrototype" */ = {
			isa = XCConfigurationList;
			buildConfigurations = (
				04875F7428CA57260066E254 /* Debug */,
				04875F7528CA57260066E254 /* Release */,
			);
			defaultConfigurationIsVisible = 0;
			defaultConfigurationName = Release;
		};
		04875F7628CA57260066E254 /* Build configuration list for PBXNativeTarget "ShazamAppPrototype" */ = {
			isa = XCConfigurationList;
			buildConfigurations = (
				04875F7728CA57260066E254 /* Debug */,
				04875F7828CA57260066E254 /* Release */,
			);
			defaultConfigurationIsVisible = 0;
			defaultConfigurationName = Release;
		};
/* End XCConfigurationList section */
	};
	rootObject = 04875F5A28CA57240066E254 /* Project object */;
}
